{
  "nodes": {
    "nixpkgs": {
      "locked": {
        "lastModified": 1761849641,
        "narHash": "sha256-b8mTUdmB80tHcvvVD+Gf+X2HMMxHGiD/UmOr5nYDAmY=",
        "owner": "NixOS",
        "repo": "nixpkgs",
        "rev": "45ebaee5d90bab997812235564af4cf5107bde89",
        "type": "github"
      },
      "original": {
        "owner": "NixOS",
        "ref": "nixpkgs-unstable",
        "repo": "nixpkgs",
        "type": "github"
      }
    },
    "root": {
      "inputs": {
        "nixpkgs": "nixpkgs",
        "systems": "systems"
      }
    },
    "systems": {
      "locked": {
        "lastModified": 1681028828,
        "narHash": "sha256-Vy1rq5AaRuLzOxct8nz4T6wlgyUR7zLU309k9mBC768=",
        "owner": "nix-systems",
        "repo": "default",
        "rev": "da67096a3b9bf56a91d16901293e51ba5b49a27e",
        "type": "github"
      },
      "original": {
        "id": "systems",
        "type": "indirect"
      }
    }
  },
  "root": "root",
  "version": 7
}
